
Microsoft Visual Studio Solution File, Format Version 12.00
# Visual Studio Version 17
VisualStudioVersion = 17.12.35521.163 d17.12
MinimumVisualStudioVersion = 10.0.40219.1
Project("{2150E333-8FDC-42A3-9474-1A3956D46DE8}") = "src", "src", "{5BCC3468-782A-4B24-96A6-C7DFF01F5435}"
EndProject
Project("{2150E333-8FDC-42A3-9474-1A3956D46DE8}") = "core", "core", "{A197E2DB-708E-4686-BF4F-3D09976F8C23}"
EndProject
Project("{2150E333-8FDC-42A3-9474-1A3956D46DE8}") = "ui", "ui", "{69AFBDFF-B36A-4FE9-8088-940D5BC2A9F9}"
EndProject
Project("{FAE04EC0-301F-11D3-BF4B-00C04F79EFBC}") = "INV.Domain", "src\core\INV.Domain\INV.Domain.csproj", "{B8D39F30-C2C9-4F17-B474-582C1B893DD1}"
EndProject
Project("{FAE04EC0-301F-11D3-BF4B-00C04F79EFBC}") = "INV.Infrastructure", "src\core\INV.Infrastructure\INV.Infrastructure.csproj", "{A56A5EC4-2CE1-4E5D-85C7-A7FF6F01F0E0}"
EndProject
Project("{FAE04EC0-301F-11D3-BF4B-00C04F79EFBC}") = "INV.Application", "src\ui\INV.Application\INV.Application.csproj", "{A0CDFEFA-E954-47D4-BC47-9841609F8B8A}"
EndProject
Project("{FAE04EC0-301F-11D3-BF4B-00C04F79EFBC}") = "INV.API", "src\ui\INV.API\INV.API.csproj", "{6214E50F-C950-4982-8695-030AA32AEEA9}"
EndProject
Project("{FAE04EC0-301F-11D3-BF4B-00C04F79EFBC}") = "INV.WebUI", "src\ui\INV.WebUI\INV.WebUI.csproj", "{0DE59037-3FD0-4F77-AB05-4CAD3401381C}"
EndProject
Global
	GlobalSection(SolutionConfigurationPlatforms) = preSolution
		Debug|Any CPU = Debug|Any CPU
		Release|Any CPU = Release|Any CPU
	EndGlobalSection
	GlobalSection(ProjectConfigurationPlatforms) = postSolution
		{B8D39F30-C2C9-4F17-B474-582C1B893DD1}.Debug|Any CPU.ActiveCfg = Debug|Any CPU
		{B8D39F30-C2C9-4F17-B474-582C1B893DD1}.Debug|Any CPU.Build.0 = Debug|Any CPU
		{B8D39F30-C2C9-4F17-B474-582C1B893DD1}.Release|Any CPU.ActiveCfg = Release|Any CPU
		{B8D39F30-C2C9-4F17-B474-582C1B893DD1}.Release|Any CPU.Build.0 = Release|Any CPU
		{A56A5EC4-2CE1-4E5D-85C7-A7FF6F01F0E0}.Debug|Any CPU.ActiveCfg = Debug|Any CPU
		{A56A5EC4-2CE1-4E5D-85C7-A7FF6F01F0E0}.Debug|Any CPU.Build.0 = Debug|Any CPU
		{A56A5EC4-2CE1-4E5D-85C7-A7FF6F01F0E0}.Release|Any CPU.ActiveCfg = Release|Any CPU
		{A56A5EC4-2CE1-4E5D-85C7-A7FF6F01F0E0}.Release|Any CPU.Build.0 = Release|Any CPU
		{A0CDFEFA-E954-47D4-BC47-9841609F8B8A}.Debug|Any CPU.ActiveCfg = Debug|Any CPU
		{A0CDFEFA-E954-47D4-BC47-9841609F8B8A}.Debug|Any CPU.Build.0 = Debug|Any CPU
		{A0CDFEFA-E954-47D4-BC47-9841609F8B8A}.Release|Any CPU.ActiveCfg = Release|Any CPU
		{A0CDFEFA-E954-47D4-BC47-9841609F8B8A}.Release|Any CPU.Build.0 = Release|Any CPU
		{6214E50F-C950-4982-8695-030AA32AEEA9}.Debug|Any CPU.ActiveCfg = Debug|Any CPU
		{6214E50F-C950-4982-8695-030AA32AEEA9}.Debug|Any CPU.Build.0 = Debug|Any CPU
		{6214E50F-C950-4982-8695-030AA32AEEA9}.Release|Any CPU.ActiveCfg = Release|Any CPU
		{6214E50F-C950-4982-8695-030AA32AEEA9}.Release|Any CPU.Build.0 = Release|Any CPU
		{0DE59037-3FD0-4F77-AB05-4CAD3401381C}.Debug|Any CPU.ActiveCfg = Debug|Any CPU
		{0DE59037-3FD0-4F77-AB05-4CAD3401381C}.Debug|Any CPU.Build.0 = Debug|Any CPU
		{0DE59037-3FD0-4F77-AB05-4CAD3401381C}.Release|Any CPU.ActiveCfg = Release|Any CPU
		{0DE59037-3FD0-4F77-AB05-4CAD3401381C}.Release|Any CPU.Build.0 = Release|Any CPU
	EndGlobalSection
	GlobalSection(SolutionProperties) = preSolution
		HideSolutionNode = FALSE
	EndGlobalSection
	GlobalSection(NestedProjects) = preSolution
		{A197E2DB-708E-4686-BF4F-3D09976F8C23} = {5BCC3468-782A-4B24-96A6-C7DFF01F5435}
		{69AFBDFF-B36A-4FE9-8088-940D5BC2A9F9} = {5BCC3468-782A-4B24-96A6-C7DFF01F5435}
		{B8D39F30-C2C9-4F17-B474-582C1B893DD1} = {A197E2DB-708E-4686-BF4F-3D09976F8C23}
		{A56A5EC4-2CE1-4E5D-85C7-A7FF6F01F0E0} = {A197E2DB-708E-4686-BF4F-3D09976F8C23}
		{A0CDFEFA-E954-47D4-BC47-9841609F8B8A} = {69AFBDFF-B36A-4FE9-8088-940D5BC2A9F9}
		{6214E50F-C950-4982-8695-030AA32AEEA9} = {69AFBDFF-B36A-4FE9-8088-940D5BC2A9F9}
		{0DE59037-3FD0-4F77-AB05-4CAD3401381C} = {69AFBDFF-B36A-4FE9-8088-940D5BC2A9F9}
	EndGlobalSection
EndGlobal
